// !$*UTF8*$!
{
	archiveVersion = 1;
	classes = {
	};
	objectVersion = 50;
	objects = {

/* Begin PBXBuildFile section */
		965C8975220CE2BA000DDB47 /* GoogleService-Info.plist in Resources */ = {isa = PBXBuildFile; fileRef = 965C8974220CE2BA000DDB47 /* GoogleService-Info.plist */; };
		965C8976220CE2BA000DDB47 /* GoogleService-Info.plist in Resources */ = {isa = PBXBuildFile; fileRef = 965C8974220CE2BA000DDB47 /* GoogleService-Info.plist */; };
		965C8977220CE2BA000DDB47 /* GoogleService-Info.plist in Resources */ = {isa = PBXBuildFile; fileRef = 965C8974220CE2BA000DDB47 /* GoogleService-Info.plist */; };
		96A90277220CDC2800343DBB /* AppDelegate.swift in Sources */ = {isa = PBXBuildFile; fileRef = 96A90276220CDC2800343DBB /* AppDelegate.swift */; };
		96A90279220CDC2800343DBB /* GameScene.sks in Resources */ = {isa = PBXBuildFile; fileRef = 96A90278220CDC2800343DBB /* GameScene.sks */; };
		96A9027B220CDC2800343DBB /* Actions.sks in Resources */ = {isa = PBXBuildFile; fileRef = 96A9027A220CDC2800343DBB /* Actions.sks */; };
		96A9027D220CDC2800343DBB /* GameScene.swift in Sources */ = {isa = PBXBuildFile; fileRef = 96A9027C220CDC2800343DBB /* GameScene.swift */; };
		96A9027F220CDC2800343DBB /* GameViewController.swift in Sources */ = {isa = PBXBuildFile; fileRef = 96A9027E220CDC2800343DBB /* GameViewController.swift */; };
		96A90282220CDC2800343DBB /* Main.storyboard in Resources */ = {isa = PBXBuildFile; fileRef = 96A90280220CDC2800343DBB /* Main.storyboard */; };
		96A90284220CDC2900343DBB /* Assets.xcassets in Resources */ = {isa = PBXBuildFile; fileRef = 96A90283220CDC2900343DBB /* Assets.xcassets */; };
		96A90287220CDC2900343DBB /* LaunchScreen.storyboard in Resources */ = {isa = PBXBuildFile; fileRef = 96A90285220CDC2900343DBB /* LaunchScreen.storyboard */; };
		96A90292220CDC2900343DBB /* Meiun_Companion_AppTests.swift in Sources */ = {isa = PBXBuildFile; fileRef = 96A90291220CDC2900343DBB /* Meiun_Companion_AppTests.swift */; };
		96A9029D220CDC2900343DBB /* Meiun_Companion_AppUITests.swift in Sources */ = {isa = PBXBuildFile; fileRef = 96A9029C220CDC2900343DBB /* Meiun_Companion_AppUITests.swift */; };
		96D01E3F220CEED500FC844D /* nanopb.framework in Frameworks */ = {isa = PBXBuildFile; fileRef = 96D01E37220CEED400FC844D /* nanopb.framework */; };
		96D01E40220CEED500FC844D /* GoogleAppMeasurement.framework in Frameworks */ = {isa = PBXBuildFile; fileRef = 96D01E38220CEED400FC844D /* GoogleAppMeasurement.framework */; };
		96D01E41220CEED500FC844D /* FIRAnalyticsConnector.framework in Frameworks */ = {isa = PBXBuildFile; fileRef = 96D01E39220CEED400FC844D /* FIRAnalyticsConnector.framework */; };
		96D01E42220CEED500FC844D /* FirebaseCoreDiagnostics.framework in Frameworks */ = {isa = PBXBuildFile; fileRef = 96D01E3A220CEED400FC844D /* FirebaseCoreDiagnostics.framework */; };
		96D01E43220CEED500FC844D /* GoogleUtilities.framework in Frameworks */ = {isa = PBXBuildFile; fileRef = 96D01E3B220CEED400FC844D /* GoogleUtilities.framework */; };
		96D01E44220CEED500FC844D /* FirebaseInstanceID.framework in Frameworks */ = {isa = PBXBuildFile; fileRef = 96D01E3C220CEED500FC844D /* FirebaseInstanceID.framework */; };
		96D01E45220CEED500FC844D /* FirebaseCore.framework in Frameworks */ = {isa = PBXBuildFile; fileRef = 96D01E3D220CEED500FC844D /* FirebaseCore.framework */; };
		96D01E46220CEED500FC844D /* FirebaseAnalytics.framework in Frameworks */ = {isa = PBXBuildFile; fileRef = 96D01E3E220CEED500FC844D /* FirebaseAnalytics.framework */; };
		96D01E4B220CEF5B00FC844D /* libz.tbd in Frameworks */ = {isa = PBXBuildFile; fileRef = 96D01E4A220CEF5B00FC844D /* libz.tbd */; };
		96D01E4D220CEF6900FC844D /* libsqlite3.tbd in Frameworks */ = {isa = PBXBuildFile; fileRef = 96D01E4C220CEF6900FC844D /* libsqlite3.tbd */; };
		96D01E4F220CEF7700FC844D /* StoreKit.framework in Frameworks */ = {isa = PBXBuildFile; fileRef = 96D01E4E220CEF7700FC844D /* StoreKit.framework */; };
/* End PBXBuildFile section */

/* Begin PBXContainerItemProxy section */
		96A9028E220CDC2900343DBB /* PBXContainerItemProxy */ = {
			isa = PBXContainerItemProxy;
			containerPortal = 96A9026B220CDC2800343DBB /* Project object */;
			proxyType = 1;
			remoteGlobalIDString = 96A90272220CDC2800343DBB;
			remoteInfo = "Meiun Companion App";
		};
		96A90299220CDC2900343DBB /* PBXContainerItemProxy */ = {
			isa = PBXContainerItemProxy;
			containerPortal = 96A9026B220CDC2800343DBB /* Project object */;
			proxyType = 1;
			remoteGlobalIDString = 96A90272220CDC2800343DBB;
			remoteInfo = "Meiun Companion App";
		};
/* End PBXContainerItemProxy section */

/* Begin PBXFileReference section */
		965C8974220CE2BA000DDB47 /* GoogleService-Info.plist */ = {isa = PBXFileReference; fileEncoding = 4; lastKnownFileType = text.plist.xml; path = "GoogleService-Info.plist"; sourceTree = "<group>"; };
		96A90273220CDC2800343DBB /* Meiun Companion App.app */ = {isa = PBXFileReference; explicitFileType = wrapper.application; includeInIndex = 0; path = "Meiun Companion App.app"; sourceTree = BUILT_PRODUCTS_DIR; };
		96A90276220CDC2800343DBB /* AppDelegate.swift */ = {isa = PBXFileReference; lastKnownFileType = sourcecode.swift; path = AppDelegate.swift; sourceTree = "<group>"; };
		96A90278220CDC2800343DBB /* GameScene.sks */ = {isa = PBXFileReference; lastKnownFileType = file.sks; path = GameScene.sks; sourceTree = "<group>"; };
		96A9027A220CDC2800343DBB /* Actions.sks */ = {isa = PBXFileReference; lastKnownFileType = file.sks; path = Actions.sks; sourceTree = "<group>"; };
		96A9027C220CDC2800343DBB /* GameScene.swift */ = {isa = PBXFileReference; lastKnownFileType = sourcecode.swift; path = GameScene.swift; sourceTree = "<group>"; };
		96A9027E220CDC2800343DBB /* GameViewController.swift */ = {isa = PBXFileReference; lastKnownFileType = sourcecode.swift; path = GameViewController.swift; sourceTree = "<group>"; };
		96A90281220CDC2800343DBB /* Base */ = {isa = PBXFileReference; lastKnownFileType = file.storyboard; name = Base; path = Base.lproj/Main.storyboard; sourceTree = "<group>"; };
		96A90283220CDC2900343DBB /* Assets.xcassets */ = {isa = PBXFileReference; lastKnownFileType = folder.assetcatalog; path = Assets.xcassets; sourceTree = "<group>"; };
		96A90286220CDC2900343DBB /* Base */ = {isa = PBXFileReference; lastKnownFileType = file.storyboard; name = Base; path = Base.lproj/LaunchScreen.storyboard; sourceTree = "<group>"; };
		96A90288220CDC2900343DBB /* Info.plist */ = {isa = PBXFileReference; lastKnownFileType = text.plist.xml; path = Info.plist; sourceTree = "<group>"; };
		96A9028D220CDC2900343DBB /* Meiun Companion AppTests.xctest */ = {isa = PBXFileReference; explicitFileType = wrapper.cfbundle; includeInIndex = 0; path = "Meiun Companion AppTests.xctest"; sourceTree = BUILT_PRODUCTS_DIR; };
		96A90291220CDC2900343DBB /* Meiun_Companion_AppTests.swift */ = {isa = PBXFileReference; lastKnownFileType = sourcecode.swift; path = Meiun_Companion_AppTests.swift; sourceTree = "<group>"; };
		96A90293220CDC2900343DBB /* Info.plist */ = {isa = PBXFileReference; lastKnownFileType = text.plist.xml; path = Info.plist; sourceTree = "<group>"; };
		96A90298220CDC2900343DBB /* Meiun Companion AppUITests.xctest */ = {isa = PBXFileReference; explicitFileType = wrapper.cfbundle; includeInIndex = 0; path = "Meiun Companion AppUITests.xctest"; sourceTree = BUILT_PRODUCTS_DIR; };
		96A9029C220CDC2900343DBB /* Meiun_Companion_AppUITests.swift */ = {isa = PBXFileReference; lastKnownFileType = sourcecode.swift; path = Meiun_Companion_AppUITests.swift; sourceTree = "<group>"; };
		96A9029E220CDC2900343DBB /* Info.plist */ = {isa = PBXFileReference; lastKnownFileType = text.plist.xml; path = Info.plist; sourceTree = "<group>"; };
		96D01E37220CEED400FC844D /* nanopb.framework */ = {isa = PBXFileReference; lastKnownFileType = wrapper.framework; name = nanopb.framework; path = ../../../../../Downloads/Firebase/Analytics/nanopb.framework; sourceTree = "<group>"; };
		96D01E38220CEED400FC844D /* GoogleAppMeasurement.framework */ = {isa = PBXFileReference; lastKnownFileType = wrapper.framework; name = GoogleAppMeasurement.framework; path = ../../../../../Downloads/Firebase/Analytics/GoogleAppMeasurement.framework; sourceTree = "<group>"; };
		96D01E39220CEED400FC844D /* FIRAnalyticsConnector.framework */ = {isa = PBXFileReference; lastKnownFileType = wrapper.framework; name = FIRAnalyticsConnector.framework; path = ../../../../../Downloads/Firebase/Analytics/FIRAnalyticsConnector.framework; sourceTree = "<group>"; };
		96D01E3A220CEED400FC844D /* FirebaseCoreDiagnostics.framework */ = {isa = PBXFileReference; lastKnownFileType = wrapper.framework; name = FirebaseCoreDiagnostics.framework; path = ../../../../../Downloads/Firebase/Analytics/FirebaseCoreDiagnostics.framework; sourceTree = "<group>"; };
		96D01E3B220CEED400FC844D /* GoogleUtilities.framework */ = {isa = PBXFileReference; lastKnownFileType = wrapper.framework; name = GoogleUtilities.framework; path = ../../../../../Downloads/Firebase/Analytics/GoogleUtilities.framework; sourceTree = "<group>"; };
		96D01E3C220CEED500FC844D /* FirebaseInstanceID.framework */ = {isa = PBXFileReference; lastKnownFileType = wrapper.framework; name = FirebaseInstanceID.framework; path = ../../../../../Downloads/Firebase/Analytics/FirebaseInstanceID.framework; sourceTree = "<group>"; };
		96D01E3D220CEED500FC844D /* FirebaseCore.framework */ = {isa = PBXFileReference; lastKnownFileType = wrapper.framework; name = FirebaseCore.framework; path = ../../../../../Downloads/Firebase/Analytics/FirebaseCore.framework; sourceTree = "<group>"; };
		96D01E3E220CEED500FC844D /* FirebaseAnalytics.framework */ = {isa = PBXFileReference; lastKnownFileType = wrapper.framework; name = FirebaseAnalytics.framework; path = ../../../../../Downloads/Firebase/Analytics/FirebaseAnalytics.framework; sourceTree = "<group>"; };
		96D01E47220CEEED00FC844D /* Firebase.h */ = {isa = PBXFileReference; fileEncoding = 4; lastKnownFileType = sourcecode.c.h; name = Firebase.h; path = ../../../../../Downloads/Firebase/Firebase.h; sourceTree = "<group>"; };
		96D01E48220CEF0C00FC844D /* module.modulemap */ = {isa = PBXFileReference; fileEncoding = 4; lastKnownFileType = "sourcecode.module-map"; path = module.modulemap; sourceTree = "<group>"; };
		96D01E4A220CEF5B00FC844D /* libz.tbd */ = {isa = PBXFileReference; lastKnownFileType = "sourcecode.text-based-dylib-definition"; name = libz.tbd; path = usr/lib/libz.tbd; sourceTree = SDKROOT; };
		96D01E4C220CEF6900FC844D /* libsqlite3.tbd */ = {isa = PBXFileReference; lastKnownFileType = "sourcecode.text-based-dylib-definition"; name = libsqlite3.tbd; path = usr/lib/libsqlite3.tbd; sourceTree = SDKROOT; };
		96D01E4E220CEF7700FC844D /* StoreKit.framework */ = {isa = PBXFileReference; lastKnownFileType = wrapper.framework; name = StoreKit.framework; path = System/Library/Frameworks/StoreKit.framework; sourceTree = SDKROOT; };
/* End PBXFileReference section */

/* Begin PBXFrameworksBuildPhase section */
		96A90270220CDC2800343DBB /* Frameworks */ = {
			isa = PBXFrameworksBuildPhase;
			buildActionMask = 2147483647;
			files = (
				96D01E4F220CEF7700FC844D /* StoreKit.framework in Frameworks */,
				96D01E4D220CEF6900FC844D /* libsqlite3.tbd in Frameworks */,
				96D01E4B220CEF5B00FC844D /* libz.tbd in Frameworks */,
				96D01E46220CEED500FC844D /* FirebaseAnalytics.framework in Frameworks */,
				96D01E40220CEED500FC844D /* GoogleAppMeasurement.framework in Frameworks */,
				96D01E44220CEED500FC844D /* FirebaseInstanceID.framework in Frameworks */,
				96D01E42220CEED500FC844D /* FirebaseCoreDiagnostics.framework in Frameworks */,
				96D01E41220CEED500FC844D /* FIRAnalyticsConnector.framework in Frameworks */,
				96D01E45220CEED500FC844D /* FirebaseCore.framework in Frameworks */,
				96D01E43220CEED500FC844D /* GoogleUtilities.framework in Frameworks */,
				96D01E3F220CEED500FC844D /* nanopb.framework in Frameworks */,
			);
			runOnlyForDeploymentPostprocessing = 0;
		};
		96A9028A220CDC2900343DBB /* Frameworks */ = {
			isa = PBXFrameworksBuildPhase;
			buildActionMask = 2147483647;
			files = (
			);
			runOnlyForDeploymentPostprocessing = 0;
		};
		96A90295220CDC2900343DBB /* Frameworks */ = {
			isa = PBXFrameworksBuildPhase;
			buildActionMask = 2147483647;
			files = (
			);
			runOnlyForDeploymentPostprocessing = 0;
		};
/* End PBXFrameworksBuildPhase section */

/* Begin PBXGroup section */
		96A9026A220CDC2800343DBB = {
			isa = PBXGroup;
			children = (
				96A90275220CDC2800343DBB /* Meiun Companion App */,
				96A90290220CDC2900343DBB /* Meiun Companion AppTests */,
				96A9029B220CDC2900343DBB /* Meiun Companion AppUITests */,
				96A90274220CDC2800343DBB /* Products */,
				96D01E49220CEF5B00FC844D /* Frameworks */,
			);
			sourceTree = "<group>";
		};
		96A90274220CDC2800343DBB /* Products */ = {
			isa = PBXGroup;
			children = (
				96A90273220CDC2800343DBB /* Meiun Companion App.app */,
				96A9028D220CDC2900343DBB /* Meiun Companion AppTests.xctest */,
				96A90298220CDC2900343DBB /* Meiun Companion AppUITests.xctest */,
			);
			name = Products;
			sourceTree = "<group>";
		};
		96A90275220CDC2800343DBB /* Meiun Companion App */ = {
			isa = PBXGroup;
			children = (
				96D01E47220CEEED00FC844D /* Firebase.h */,
				96A90276220CDC2800343DBB /* AppDelegate.swift */,
				96A90278220CDC2800343DBB /* GameScene.sks */,
				96A9027A220CDC2800343DBB /* Actions.sks */,
				96A9027C220CDC2800343DBB /* GameScene.swift */,
				96A9027E220CDC2800343DBB /* GameViewController.swift */,
				96A90280220CDC2800343DBB /* Main.storyboard */,
				96A90283220CDC2900343DBB /* Assets.xcassets */,
				96A90285220CDC2900343DBB /* LaunchScreen.storyboard */,
				96A90288220CDC2900343DBB /* Info.plist */,
				965C8974220CE2BA000DDB47 /* GoogleService-Info.plist */,
				96D01E48220CEF0C00FC844D /* module.modulemap */,
				96D01E39220CEED400FC844D /* FIRAnalyticsConnector.framework */,
				96D01E3E220CEED500FC844D /* FirebaseAnalytics.framework */,
				96D01E3D220CEED500FC844D /* FirebaseCore.framework */,
				96D01E3A220CEED400FC844D /* FirebaseCoreDiagnostics.framework */,
				96D01E3C220CEED500FC844D /* FirebaseInstanceID.framework */,
				96D01E38220CEED400FC844D /* GoogleAppMeasurement.framework */,
				96D01E3B220CEED400FC844D /* GoogleUtilities.framework */,
				96D01E37220CEED400FC844D /* nanopb.framework */,
			);
			path = "Meiun Companion App";
			sourceTree = "<group>";
		};
		96A90290220CDC2900343DBB /* Meiun Companion AppTests */ = {
			isa = PBXGroup;
			children = (
				96A90291220CDC2900343DBB /* Meiun_Companion_AppTests.swift */,
				96A90293220CDC2900343DBB /* Info.plist */,
			);
			path = "Meiun Companion AppTests";
			sourceTree = "<group>";
		};
		96A9029B220CDC2900343DBB /* Meiun Companion AppUITests */ = {
			isa = PBXGroup;
			children = (
				96A9029C220CDC2900343DBB /* Meiun_Companion_AppUITests.swift */,
				96A9029E220CDC2900343DBB /* Info.plist */,
			);
			path = "Meiun Companion AppUITests";
			sourceTree = "<group>";
		};
		96D01E49220CEF5B00FC844D /* Frameworks */ = {
			isa = PBXGroup;
			children = (
				96D01E4E220CEF7700FC844D /* StoreKit.framework */,
				96D01E4C220CEF6900FC844D /* libsqlite3.tbd */,
				96D01E4A220CEF5B00FC844D /* libz.tbd */,
			);
			name = Frameworks;
			sourceTree = "<group>";
		};
/* End PBXGroup section */

/* Begin PBXNativeTarget section */
		96A90272220CDC2800343DBB /* Meiun Companion App */ = {
			isa = PBXNativeTarget;
			buildConfigurationList = 96A902A1220CDC2900343DBB /* Build configuration list for PBXNativeTarget "Meiun Companion App" */;
			buildPhases = (
				96A9026F220CDC2800343DBB /* Sources */,
				96A90270220CDC2800343DBB /* Frameworks */,
				96A90271220CDC2800343DBB /* Resources */,
			);
			buildRules = (
			);
			dependencies = (
			);
			name = "Meiun Companion App";
			productName = "Meiun Companion App";
			productReference = 96A90273220CDC2800343DBB /* Meiun Companion App.app */;
			productType = "com.apple.product-type.application";
		};
		96A9028C220CDC2900343DBB /* Meiun Companion AppTests */ = {
			isa = PBXNativeTarget;
			buildConfigurationList = 96A902A4220CDC2900343DBB /* Build configuration list for PBXNativeTarget "Meiun Companion AppTests" */;
			buildPhases = (
				96A90289220CDC2900343DBB /* Sources */,
				96A9028A220CDC2900343DBB /* Frameworks */,
				96A9028B220CDC2900343DBB /* Resources */,
			);
			buildRules = (
			);
			dependencies = (
				96A9028F220CDC2900343DBB /* PBXTargetDependency */,
			);
			name = "Meiun Companion AppTests";
			productName = "Meiun Companion AppTests";
			productReference = 96A9028D220CDC2900343DBB /* Meiun Companion AppTests.xctest */;
			productType = "com.apple.product-type.bundle.unit-test";
		};
		96A90297220CDC2900343DBB /* Meiun Companion AppUITests */ = {
			isa = PBXNativeTarget;
			buildConfigurationList = 96A902A7220CDC2900343DBB /* Build configuration list for PBXNativeTarget "Meiun Companion AppUITests" */;
			buildPhases = (
				96A90294220CDC2900343DBB /* Sources */,
				96A90295220CDC2900343DBB /* Frameworks */,
				96A90296220CDC2900343DBB /* Resources */,
			);
			buildRules = (
			);
			dependencies = (
				96A9029A220CDC2900343DBB /* PBXTargetDependency */,
			);
			name = "Meiun Companion AppUITests";
			productName = "Meiun Companion AppUITests";
			productReference = 96A90298220CDC2900343DBB /* Meiun Companion AppUITests.xctest */;
			productType = "com.apple.product-type.bundle.ui-testing";
		};
/* End PBXNativeTarget section */

/* Begin PBXProject section */
		96A9026B220CDC2800343DBB /* Project object */ = {
			isa = PBXProject;
			attributes = {
				LastSwiftUpdateCheck = 1010;
				LastUpgradeCheck = 1010;
				ORGANIZATIONNAME = "Jonathan Leung";
				TargetAttributes = {
					96A90272220CDC2800343DBB = {
						CreatedOnToolsVersion = 10.1;
					};
					96A9028C220CDC2900343DBB = {
						CreatedOnToolsVersion = 10.1;
						TestTargetID = 96A90272220CDC2800343DBB;
					};
					96A90297220CDC2900343DBB = {
						CreatedOnToolsVersion = 10.1;
						TestTargetID = 96A90272220CDC2800343DBB;
					};
				};
			};
			buildConfigurationList = 96A9026E220CDC2800343DBB /* Build configuration list for PBXProject "Meiun Companion App" */;
			compatibilityVersion = "Xcode 9.3";
			developmentRegion = en;
			hasScannedForEncodings = 0;
			knownRegions = (
				en,
				Base,
			);
			mainGroup = 96A9026A220CDC2800343DBB;
			productRefGroup = 96A90274220CDC2800343DBB /* Products */;
			projectDirPath = "";
			projectRoot = "";
			targets = (
				96A90272220CDC2800343DBB /* Meiun Companion App */,
				96A9028C220CDC2900343DBB /* Meiun Companion AppTests */,
				96A90297220CDC2900343DBB /* Meiun Companion AppUITests */,
			);
		};
/* End PBXProject section */

/* Begin PBXResourcesBuildPhase section */
		96A90271220CDC2800343DBB /* Resources */ = {
			isa = PBXResourcesBuildPhase;
			buildActionMask = 2147483647;
			files = (
				96A90282220CDC2800343DBB /* Main.storyboard in Resources */,
				96A90279220CDC2800343DBB /* GameScene.sks in Resources */,
				96A90284220CDC2900343DBB /* Assets.xcassets in Resources */,
				96A90287220CDC2900343DBB /* LaunchScreen.storyboard in Resources */,
				96A9027B220CDC2800343DBB /* Actions.sks in Resources */,
				965C8975220CE2BA000DDB47 /* GoogleService-Info.plist in Resources */,
			);
			runOnlyForDeploymentPostprocessing = 0;
		};
		96A9028B220CDC2900343DBB /* Resources */ = {
			isa = PBXResourcesBuildPhase;
			buildActionMask = 2147483647;
			files = (
				965C8976220CE2BA000DDB47 /* GoogleService-Info.plist in Resources */,
			);
			runOnlyForDeploymentPostprocessing = 0;
		};
		96A90296220CDC2900343DBB /* Resources */ = {
			isa = PBXResourcesBuildPhase;
			buildActionMask = 2147483647;
			files = (
				965C8977220CE2BA000DDB47 /* GoogleService-Info.plist in Resources */,
			);
			runOnlyForDeploymentPostprocessing = 0;
		};
/* End PBXResourcesBuildPhase section */

/* Begin PBXSourcesBuildPhase section */
		96A9026F220CDC2800343DBB /* Sources */ = {
			isa = PBXSourcesBuildPhase;
			buildActionMask = 2147483647;
			files = (
				96A9027D220CDC2800343DBB /* GameScene.swift in Sources */,
				96A9027F220CDC2800343DBB /* GameViewController.swift in Sources */,
				96A90277220CDC2800343DBB /* AppDelegate.swift in Sources */,
			);
			runOnlyForDeploymentPostprocessing = 0;
		};
		96A90289220CDC2900343DBB /* Sources */ = {
			isa = PBXSourcesBuildPhase;
			buildActionMask = 2147483647;
			files = (
				96A90292220CDC2900343DBB /* Meiun_Companion_AppTests.swift in Sources */,
			);
			runOnlyForDeploymentPostprocessing = 0;
		};
		96A90294220CDC2900343DBB /* Sources */ = {
			isa = PBXSourcesBuildPhase;
			buildActionMask = 2147483647;
			files = (
				96A9029D220CDC2900343DBB /* Meiun_Companion_AppUITests.swift in Sources */,
			);
			runOnlyForDeploymentPostprocessing = 0;
		};
/* End PBXSourcesBuildPhase section */

/* Begin PBXTargetDependency section */
		96A9028F220CDC2900343DBB /* PBXTargetDependency */ = {
			isa = PBXTargetDependency;
			target = 96A90272220CDC2800343DBB /* Meiun Companion App */;
			targetProxy = 96A9028E220CDC2900343DBB /* PBXContainerItemProxy */;
		};
		96A9029A220CDC2900343DBB /* PBXTargetDependency */ = {
			isa = PBXTargetDependency;
			target = 96A90272220CDC2800343DBB /* Meiun Companion App */;
			targetProxy = 96A90299220CDC2900343DBB /* PBXContainerItemProxy */;
		};
/* End PBXTargetDependency section */

/* Begin PBXVariantGroup section */
		96A90280220CDC2800343DBB /* Main.storyboard */ = {
			isa = PBXVariantGroup;
			children = (
				96A90281220CDC2800343DBB /* Base */,
			);
			name = Main.storyboard;
			sourceTree = "<group>";
		};
		96A90285220CDC2900343DBB /* LaunchScreen.storyboard */ = {
			isa = PBXVariantGroup;
			children = (
				96A90286220CDC2900343DBB /* Base */,
			);
			name = LaunchScreen.storyboard;
			sourceTree = "<group>";
		};
/* End PBXVariantGroup section */

/* Begin XCBuildConfiguration section */
		96A9029F220CDC2900343DBB /* Debug */ = {
			isa = XCBuildConfiguration;
			buildSettings = {
				ALWAYS_SEARCH_USER_PATHS = NO;
				CLANG_ANALYZER_NONNULL = YES;
				CLANG_ANALYZER_NUMBER_OBJECT_CONVERSION = YES_AGGRESSIVE;
				CLANG_CXX_LANGUAGE_STANDARD = "gnu++14";
				CLANG_CXX_LIBRARY = "libc++";
				CLANG_ENABLE_MODULES = YES;
				CLANG_ENABLE_OBJC_ARC = YES;
				CLANG_ENABLE_OBJC_WEAK = YES;
				CLANG_WARN_BLOCK_CAPTURE_AUTORELEASING = YES;
				CLANG_WARN_BOOL_CONVERSION = YES;
				CLANG_WARN_COMMA = YES;
				CLANG_WARN_CONSTANT_CONVERSION = YES;
				CLANG_WARN_DEPRECATED_OBJC_IMPLEMENTATIONS = YES;
				CLANG_WARN_DIRECT_OBJC_ISA_USAGE = YES_ERROR;
				CLANG_WARN_DOCUMENTATION_COMMENTS = YES;
				CLANG_WARN_EMPTY_BODY = YES;
				CLANG_WARN_ENUM_CONVERSION = YES;
				CLANG_WARN_INFINITE_RECURSION = YES;
				CLANG_WARN_INT_CONVERSION = YES;
				CLANG_WARN_NON_LITERAL_NULL_CONVERSION = YES;
				CLANG_WARN_OBJC_IMPLICIT_RETAIN_SELF = YES;
				CLANG_WARN_OBJC_LITERAL_CONVERSION = YES;
				CLANG_WARN_OBJC_ROOT_CLASS = YES_ERROR;
				CLANG_WARN_RANGE_LOOP_ANALYSIS = YES;
				CLANG_WARN_STRICT_PROTOTYPES = YES;
				CLANG_WARN_SUSPICIOUS_MOVE = YES;
				CLANG_WARN_UNGUARDED_AVAILABILITY = YES_AGGRESSIVE;
				CLANG_WARN_UNREACHABLE_CODE = YES;
				CLANG_WARN__DUPLICATE_METHOD_MATCH = YES;
				CODE_SIGN_IDENTITY = "iPhone Developer";
				COPY_PHASE_STRIP = NO;
				DEBUG_INFORMATION_FORMAT = dwarf;
				ENABLE_STRICT_OBJC_MSGSEND = YES;
				ENABLE_TESTABILITY = YES;
				GCC_C_LANGUAGE_STANDARD = gnu11;
				GCC_DYNAMIC_NO_PIC = NO;
				GCC_NO_COMMON_BLOCKS = YES;
				GCC_OPTIMIZATION_LEVEL = 0;
				GCC_PREPROCESSOR_DEFINITIONS = (
					"DEBUG=1",
					"$(inherited)",
				);
				GCC_WARN_64_TO_32_BIT_CONVERSION = YES;
				GCC_WARN_ABOUT_RETURN_TYPE = YES_ERROR;
				GCC_WARN_UNDECLARED_SELECTOR = YES;
				GCC_WARN_UNINITIALIZED_AUTOS = YES_AGGRESSIVE;
				GCC_WARN_UNUSED_FUNCTION = YES;
				GCC_WARN_UNUSED_VARIABLE = YES;
				IPHONEOS_DEPLOYMENT_TARGET = 12.1;
				MTL_ENABLE_DEBUG_INFO = INCLUDE_SOURCE;
				MTL_FAST_MATH = YES;
				ONLY_ACTIVE_ARCH = YES;
				SDKROOT = iphoneos;
				SWIFT_ACTIVE_COMPILATION_CONDITIONS = DEBUG;
				SWIFT_OPTIMIZATION_LEVEL = "-Onone";
			};
			name = Debug;
		};
		96A902A0220CDC2900343DBB /* Release */ = {
			isa = XCBuildConfiguration;
			buildSettings = {
				ALWAYS_SEARCH_USER_PATHS = NO;
				CLANG_ANALYZER_NONNULL = YES;
				CLANG_ANALYZER_NUMBER_OBJECT_CONVERSION = YES_AGGRESSIVE;
				CLANG_CXX_LANGUAGE_STANDARD = "gnu++14";
				CLANG_CXX_LIBRARY = "libc++";
				CLANG_ENABLE_MODULES = YES;
				CLANG_ENABLE_OBJC_ARC = YES;
				CLANG_ENABLE_OBJC_WEAK = YES;
				CLANG_WARN_BLOCK_CAPTURE_AUTORELEASING = YES;
				CLANG_WARN_BOOL_CONVERSION = YES;
				CLANG_WARN_COMMA = YES;
				CLANG_WARN_CONSTANT_CONVERSION = YES;
				CLANG_WARN_DEPRECATED_OBJC_IMPLEMENTATIONS = YES;
				CLANG_WARN_DIRECT_OBJC_ISA_USAGE = YES_ERROR;
				CLANG_WARN_DOCUMENTATION_COMMENTS = YES;
				CLANG_WARN_EMPTY_BODY = YES;
				CLANG_WARN_ENUM_CONVERSION = YES;
				CLANG_WARN_INFINITE_RECURSION = YES;
				CLANG_WARN_INT_CONVERSION = YES;
				CLANG_WARN_NON_LITERAL_NULL_CONVERSION = YES;
				CLANG_WARN_OBJC_IMPLICIT_RETAIN_SELF = YES;
				CLANG_WARN_OBJC_LITERAL_CONVERSION = YES;
				CLANG_WARN_OBJC_ROOT_CLASS = YES_ERROR;
				CLANG_WARN_RANGE_LOOP_ANALYSIS = YES;
				CLANG_WARN_STRICT_PROTOTYPES = YES;
				CLANG_WARN_SUSPICIOUS_MOVE = YES;
				CLANG_WARN_UNGUARDED_AVAILABILITY = YES_AGGRESSIVE;
				CLANG_WARN_UNREACHABLE_CODE = YES;
				CLANG_WARN__DUPLICATE_METHOD_MATCH = YES;
				CODE_SIGN_IDENTITY = "iPhone Developer";
				COPY_PHASE_STRIP = NO;
				DEBUG_INFORMATION_FORMAT = "dwarf-with-dsym";
				ENABLE_NS_ASSERTIONS = NO;
				ENABLE_STRICT_OBJC_MSGSEND = YES;
				GCC_C_LANGUAGE_STANDARD = gnu11;
				GCC_NO_COMMON_BLOCKS = YES;
				GCC_WARN_64_TO_32_BIT_CONVERSION = YES;
				GCC_WARN_ABOUT_RETURN_TYPE = YES_ERROR;
				GCC_WARN_UNDECLARED_SELECTOR = YES;
				GCC_WARN_UNINITIALIZED_AUTOS = YES_AGGRESSIVE;
				GCC_WARN_UNUSED_FUNCTION = YES;
				GCC_WARN_UNUSED_VARIABLE = YES;
				IPHONEOS_DEPLOYMENT_TARGET = 12.1;
				MTL_ENABLE_DEBUG_INFO = NO;
				MTL_FAST_MATH = YES;
				SDKROOT = iphoneos;
				SWIFT_COMPILATION_MODE = wholemodule;
				SWIFT_OPTIMIZATION_LEVEL = "-O";
				VALIDATE_PRODUCT = YES;
			};
			name = Release;
		};
		96A902A2220CDC2900343DBB /* Debug */ = {
			isa = XCBuildConfiguration;
			buildSettings = {
				ASSETCATALOG_COMPILER_APPICON_NAME = AppIcon;
				CODE_SIGN_STYLE = Automatic;
				FRAMEWORK_SEARCH_PATHS = (
					"$(inherited)",
					"$(PROJECT_DIR)/Meiun\\ Companion\\ App",
					"$(PROJECT_DIR)/Meiun\\ Companion\\ App",
					"$(PROJECT_DIR)/Meiun\\ Companion\\ App",
					"$(PROJECT_DIR)/Meiun\\ Companion\\ App",
					"$(PROJECT_DIR)/Meiun\\ Companion\\ App",
					"$(PROJECT_DIR)/Meiun\\ Companion\\ App",
					"$(PROJECT_DIR)/Meiun\\ Companion\\ App",
					"$(PROJECT_DIR)/Meiun\\ Companion\\ App",
				);
				INFOPLIST_FILE = "Meiun Companion App/Info.plist";
				LD_RUNPATH_SEARCH_PATHS = (
					"$(inherited)",
					"@executable_path/Frameworks",
				);
				"OTHER_LDFLAGS[arch=*]" = "-ObjC";
				PRODUCT_BUNDLE_IDENTIFIER = "HARIKEN.Meiun-Companion-App";
				PRODUCT_NAME = "$(TARGET_NAME)";
				SWIFT_VERSION = 4.2;
				TARGETED_DEVICE_FAMILY = 1;
			};
			name = Debug;
		};
		96A902A3220CDC2900343DBB /* Release */ = {
			isa = XCBuildConfiguration;
			buildSettings = {
				ASSETCATALOG_COMPILER_APPICON_NAME = AppIcon;
				CODE_SIGN_STYLE = Automatic;
				FRAMEWORK_SEARCH_PATHS = (
					"$(inherited)",
					"$(PROJECT_DIR)/Meiun\\ Companion\\ App",
					"$(PROJECT_DIR)/Meiun\\ Companion\\ App",
					"$(PROJECT_DIR)/Meiun\\ Companion\\ App",
					"$(PROJECT_DIR)/Meiun\\ Companion\\ App",
					"$(PROJECT_DIR)/Meiun\\ Companion\\ App",
					"$(PROJECT_DIR)/Meiun\\ Companion\\ App",
					"$(PROJECT_DIR)/Meiun\\ Companion\\ App",
					"$(PROJECT_DIR)/Meiun\\ Companion\\ App",
				);
				INFOPLIST_FILE = "Meiun Companion App/Info.plist";
				LD_RUNPATH_SEARCH_PATHS = (
					"$(inherited)",
					"@executable_path/Frameworks",
				);
				"OTHER_LDFLAGS[arch=*]" = "-ObjC";
				PRODUCT_BUNDLE_IDENTIFIER = "HARIKEN.Meiun-Companion-App";
				PRODUCT_NAME = "$(TARGET_NAME)";
				SWIFT_VERSION = 4.2;
				TARGETED_DEVICE_FAMILY = 1;
			};
			name = Release;
		};
		96A902A5220CDC2900343DBB /* Debug */ = {
			isa = XCBuildConfiguration;
			buildSettings = {
				ALWAYS_EMBED_SWIFT_STANDARD_LIBRARIES = YES;
				BUNDLE_LOADER = "$(TEST_HOST)";
				CODE_SIGN_STYLE = Automatic;
				FRAMEWORK_SEARCH_PATHS = (
					"$(inherited)",
					"$(PROJECT_DIR)/Meiun\\ Companion\\ App",
					"$(PROJECT_DIR)/Meiun\\ Companion\\ App",
					"$(PROJECT_DIR)/Meiun\\ Companion\\ App",
					"$(PROJECT_DIR)/Meiun\\ Companion\\ App",
					"$(PROJECT_DIR)/Meiun\\ Companion\\ App",
					"$(PROJECT_DIR)/Meiun\\ Companion\\ App",
					"$(PROJECT_DIR)/Meiun\\ Companion\\ App",
					"$(PROJECT_DIR)/Meiun\\ Companion\\ App",
				);
				INFOPLIST_FILE = "Meiun Companion AppTests/Info.plist";
				LD_RUNPATH_SEARCH_PATHS = (
					"$(inherited)",
					"@executable_path/Frameworks",
					"@loader_path/Frameworks",
				);
				PRODUCT_BUNDLE_IDENTIFIER = "HARIKEN.Meiun-Companion-AppTests";
				PRODUCT_NAME = "$(TARGET_NAME)";
				SWIFT_VERSION = 4.2;
				TARGETED_DEVICE_FAMILY = "1,2";
				TEST_HOST = "$(BUILT_PRODUCTS_DIR)/Meiun Companion App.app/Meiun Companion App";
			};
			name = Debug;
		};
		96A902A6220CDC2900343DBB /* Release */ = {
			isa = XCBuildConfiguration;
			buildSettings = {
				ALWAYS_EMBED_SWIFT_STANDARD_LIBRARIES = YES;
				BUNDLE_LOADER = "$(TEST_HOST)";
				CODE_SIGN_STYLE = Automatic;
				FRAMEWORK_SEARCH_PATHS = (
					"$(inherited)",
					"$(PROJECT_DIR)/Meiun\\ Companion\\ App",
					"$(PROJECT_DIR)/Meiun\\ Companion\\ App",
					"$(PROJECT_DIR)/Meiun\\ Companion\\ App",
					"$(PROJECT_DIR)/Meiun\\ Companion\\ App",
					"$(PROJECT_DIR)/Meiun\\ Companion\\ App",
					"$(PROJECT_DIR)/Meiun\\ Companion\\ App",
					"$(PROJECT_DIR)/Meiun\\ Companion\\ App",
					"$(PROJECT_DIR)/Meiun\\ Companion\\ App",
				);
				INFOPLIST_FILE = "Meiun Companion AppTests/Info.plist";
				LD_RUNPATH_SEARCH_PATHS = (
					"$(inherited)",
					"@executable_path/Frameworks",
					"@loader_path/Frameworks",
				);
				PRODUCT_BUNDLE_IDENTIFIER = "HARIKEN.Meiun-Companion-AppTests";
				PRODUCT_NAME = "$(TARGET_NAME)";
				SWIFT_VERSION = 4.2;
				TARGETED_DEVICE_FAMILY = "1,2";
				TEST_HOST = "$(BUILT_PRODUCTS_DIR)/Meiun Companion App.app/Meiun Companion App";
			};
			name = Release;
		};
		96A902A8220CDC2900343DBB /* Debug */ = {
			isa = XCBuildConfiguration;
			buildSettings = {
				ALWAYS_EMBED_SWIFT_STANDARD_LIBRARIES = YES;
				CODE_SIGN_STYLE = Automatic;
				FRAMEWORK_SEARCH_PATHS = (
					"$(inherited)",
					"$(PROJECT_DIR)/Meiun\\ Companion\\ App",
					"$(PROJECT_DIR)/Meiun\\ Companion\\ App",
					"$(PROJECT_DIR)/Meiun\\ Companion\\ App",
					"$(PROJECT_DIR)/Meiun\\ Companion\\ App",
					"$(PROJECT_DIR)/Meiun\\ Companion\\ App",
					"$(PROJECT_DIR)/Meiun\\ Companion\\ App",
					"$(PROJECT_DIR)/Meiun\\ Companion\\ App",
					"$(PROJECT_DIR)/Meiun\\ Companion\\ App",
				);
				INFOPLIST_FILE = "Meiun Companion AppUITests/Info.plist";
				LD_RUNPATH_SEARCH_PATHS = (
					"$(inherited)",
					"@executable_path/Frameworks",
					"@loader_path/Frameworks",
				);
				PRODUCT_BUNDLE_IDENTIFIER = "HARIKEN.Meiun-Companion-AppUITests";
				PRODUCT_NAME = "$(TARGET_NAME)";
				SWIFT_VERSION = 4.2;
				TARGETED_DEVICE_FAMILY = "1,2";
				TEST_TARGET_NAME = "Meiun Companion App";
			};
			name = Debug;
		};
		96A902A9220CDC2900343DBB /* Release */ = {
			isa = XCBuildConfiguration;
			buildSettings = {
				ALWAYS_EMBED_SWIFT_STANDARD_LIBRARIES = YES;
				CODE_SIGN_STYLE = Automatic;
				FRAMEWORK_SEARCH_PATHS = (
					"$(inherited)",
					"$(PROJECT_DIR)/Meiun\\ Companion\\ App",
					"$(PROJECT_DIR)/Meiun\\ Companion\\ App",
					"$(PROJECT_DIR)/Meiun\\ Companion\\ App",
					"$(PROJECT_DIR)/Meiun\\ Companion\\ App",
					"$(PROJECT_DIR)/Meiun\\ Companion\\ App",
					"$(PROJECT_DIR)/Meiun\\ Companion\\ App",
					"$(PROJECT_DIR)/Meiun\\ Companion\\ App",
					"$(PROJECT_DIR)/Meiun\\ Companion\\ App",
				);
				INFOPLIST_FILE = "Meiun Companion AppUITests/Info.plist";
				LD_RUNPATH_SEARCH_PATHS = (
					"$(inherited)",
					"@executable_path/Frameworks",
					"@loader_path/Frameworks",
				);
				PRODUCT_BUNDLE_IDENTIFIER = "HARIKEN.Meiun-Companion-AppUITests";
				PRODUCT_NAME = "$(TARGET_NAME)";
				SWIFT_VERSION = 4.2;
				TARGETED_DEVICE_FAMILY = "1,2";
				TEST_TARGET_NAME = "Meiun Companion App";
			};
			name = Release;
		};
/* End XCBuildConfiguration section */

/* Begin XCConfigurationList section */
		96A9026E220CDC2800343DBB /* Build configuration list for PBXProject "Meiun Companion App" */ = {
			isa = XCConfigurationList;
			buildConfigurations = (
				96A9029F220CDC2900343DBB /* Debug */,
				96A902A0220CDC2900343DBB /* Release */,
			);
			defaultConfigurationIsVisible = 0;
			defaultConfigurationName = Release;
		};
		96A902A1220CDC2900343DBB /* Build configuration list for PBXNativeTarget "Meiun Companion App" */ = {
			isa = XCConfigurationList;
			buildConfigurations = (
				96A902A2220CDC2900343DBB /* Debug */,
				96A902A3220CDC2900343DBB /* Release */,
			);
			defaultConfigurationIsVisible = 0;
			defaultConfigurationName = Release;
		};
		96A902A4220CDC2900343DBB /* Build configuration list for PBXNativeTarget "Meiun Companion AppTests" */ = {
			isa = XCConfigurationList;
			buildConfigurations = (
				96A902A5220CDC2900343DBB /* Debug */,
				96A902A6220CDC2900343DBB /* Release */,
			);
			defaultConfigurationIsVisible = 0;
			defaultConfigurationName = Release;
		};
		96A902A7220CDC2900343DBB /* Build configuration list for PBXNativeTarget "Meiun Companion AppUITests" */ = {
			isa = XCConfigurationList;
			buildConfigurations = (
				96A902A8220CDC2900343DBB /* Debug */,
				96A902A9220CDC2900343DBB /* Release */,
			);
			defaultConfigurationIsVisible = 0;
			defaultConfigurationName = Release;
		};
/* End XCConfigurationList section */
	};
	rootObject = 96A9026B220CDC2800343DBB /* Project object */;
}
